// !$*UTF8*$!
{
	archiveVersion = 1;
	classes = {
	};
	objectVersion = 48;
	objects = {

/* Begin PBXBuildFile section */
		378F7EE21FBA601C00F57B17 /* AppDelegate.swift in Sources */ = {isa = PBXBuildFile; fileRef = 378F7EE11FBA601C00F57B17 /* AppDelegate.swift */; };
		378F7EE41FBA601C00F57B17 /* ViewController.swift in Sources */ = {isa = PBXBuildFile; fileRef = 378F7EE31FBA601C00F57B17 /* ViewController.swift */; };
		378F7EE71FBA601C00F57B17 /* Main.storyboard in Resources */ = {isa = PBXBuildFile; fileRef = 378F7EE51FBA601C00F57B17 /* Main.storyboard */; };
		378F7EE91FBA601C00F57B17 /* Assets.xcassets in Resources */ = {isa = PBXBuildFile; fileRef = 378F7EE81FBA601C00F57B17 /* Assets.xcassets */; };
		378F7EEC1FBA601C00F57B17 /* LaunchScreen.storyboard in Resources */ = {isa = PBXBuildFile; fileRef = 378F7EEA1FBA601C00F57B17 /* LaunchScreen.storyboard */; };
		378F7EF71FBA601C00F57B17 /* BinaryCounterUITests.swift in Sources */ = {isa = PBXBuildFile; fileRef = 378F7EF61FBA601C00F57B17 /* BinaryCounterUITests.swift */; };
		378F7F021FBA622D00F57B17 /* BinaryTableViewController.swift in Sources */ = {isa = PBXBuildFile; fileRef = 378F7F011FBA622D00F57B17 /* BinaryTableViewController.swift */; };
/* End PBXBuildFile section */

/* Begin PBXContainerItemProxy section */
		378F7EF31FBA601C00F57B17 /* PBXContainerItemProxy */ = {
			isa = PBXContainerItemProxy;
			containerPortal = 378F7ED61FBA601C00F57B17 /* Project object */;
			proxyType = 1;
			remoteGlobalIDString = 378F7EDD1FBA601C00F57B17;
			remoteInfo = BinaryCounter;
		};
/* End PBXContainerItemProxy section */

/* Begin PBXFileReference section */
		378F7EDE1FBA601C00F57B17 /* BinaryCounter.app */ = {isa = PBXFileReference; explicitFileType = wrapper.application; includeInIndex = 0; path = BinaryCounter.app; sourceTree = BUILT_PRODUCTS_DIR; };
		378F7EE11FBA601C00F57B17 /* AppDelegate.swift */ = {isa = PBXFileReference; lastKnownFileType = sourcecode.swift; path = AppDelegate.swift; sourceTree = "<group>"; };
		378F7EE31FBA601C00F57B17 /* ViewController.swift */ = {isa = PBXFileReference; lastKnownFileType = sourcecode.swift; path = ViewController.swift; sourceTree = "<group>"; };
		378F7EE61FBA601C00F57B17 /* Base */ = {isa = PBXFileReference; lastKnownFileType = file.storyboard; name = Base; path = Base.lproj/Main.storyboard; sourceTree = "<group>"; };
		378F7EE81FBA601C00F57B17 /* Assets.xcassets */ = {isa = PBXFileReference; lastKnownFileType = folder.assetcatalog; path = Assets.xcassets; sourceTree = "<group>"; };
		378F7EEB1FBA601C00F57B17 /* Base */ = {isa = PBXFileReference; lastKnownFileType = file.storyboard; name = Base; path = Base.lproj/LaunchScreen.storyboard; sourceTree = "<group>"; };
		378F7EED1FBA601C00F57B17 /* Info.plist */ = {isa = PBXFileReference; lastKnownFileType = text.plist.xml; path = Info.plist; sourceTree = "<group>"; };
		378F7EF21FBA601C00F57B17 /* BinaryCounterUITests.xctest */ = {isa = PBXFileReference; explicitFileType = wrapper.cfbundle; includeInIndex = 0; path = BinaryCounterUITests.xctest; sourceTree = BUILT_PRODUCTS_DIR; };
		378F7EF61FBA601C00F57B17 /* BinaryCounterUITests.swift */ = {isa = PBXFileReference; lastKnownFileType = sourcecode.swift; path = BinaryCounterUITests.swift; sourceTree = "<group>"; };
		378F7EF81FBA601C00F57B17 /* Info.plist */ = {isa = PBXFileReference; lastKnownFileType = text.plist.xml; path = Info.plist; sourceTree = "<group>"; };
		378F7F011FBA622D00F57B17 /* BinaryTableViewController.swift */ = {isa = PBXFileReference; lastKnownFileType = sourcecode.swift; path = BinaryTableViewController.swift; sourceTree = "<group>"; };
/* End PBXFileReference section */

/* Begin PBXFrameworksBuildPhase section */
		378F7EDB1FBA601C00F57B17 /* Frameworks */ = {
			isa = PBXFrameworksBuildPhase;
			buildActionMask = 2147483647;
			files = (
			);
			runOnlyForDeploymentPostprocessing = 0;
		};
		378F7EEF1FBA601C00F57B17 /* Frameworks */ = {
			isa = PBXFrameworksBuildPhase;
			buildActionMask = 2147483647;
			files = (
			);
			runOnlyForDeploymentPostprocessing = 0;
		};
/* End PBXFrameworksBuildPhase section */

/* Begin PBXGroup section */
		378F7ED51FBA601C00F57B17 = {
			isa = PBXGroup;
			children = (
				378F7EE01FBA601C00F57B17 /* BinaryCounter */,
				378F7EF51FBA601C00F57B17 /* BinaryCounterUITests */,
				378F7EDF1FBA601C00F57B17 /* Products */,
			);
			sourceTree = "<group>";
		};
		378F7EDF1FBA601C00F57B17 /* Products */ = {
			isa = PBXGroup;
			children = (
				378F7EDE1FBA601C00F57B17 /* BinaryCounter.app */,
				378F7EF21FBA601C00F57B17 /* BinaryCounterUITests.xctest */,
			);
			name = Products;
			sourceTree = "<group>";
		};
		378F7EE01FBA601C00F57B17 /* BinaryCounter */ = {
			isa = PBXGroup;
			children = (
				378F7EE11FBA601C00F57B17 /* AppDelegate.swift */,
				378F7EE31FBA601C00F57B17 /* ViewController.swift */,
				378F7F011FBA622D00F57B17 /* BinaryTableViewController.swift */,
				378F7EE51FBA601C00F57B17 /* Main.storyboard */,
				378F7EE81FBA601C00F57B17 /* Assets.xcassets */,
				378F7EEA1FBA601C00F57B17 /* LaunchScreen.storyboard */,
				378F7EED1FBA601C00F57B17 /* Info.plist */,
			);
			path = BinaryCounter;
			sourceTree = "<group>";
		};
		378F7EF51FBA601C00F57B17 /* BinaryCounterUITests */ = {
			isa = PBXGroup;
			children = (
				378F7EF61FBA601C00F57B17 /* BinaryCounterUITests.swift */,
				378F7EF81FBA601C00F57B17 /* Info.plist */,
			);
			path = BinaryCounterUITests;
			sourceTree = "<group>";
		};
/* End PBXGroup section */

/* Begin PBXNativeTarget section */
		378F7EDD1FBA601C00F57B17 /* BinaryCounter */ = {
			isa = PBXNativeTarget;
			buildConfigurationList = 378F7EFB1FBA601C00F57B17 /* Build configuration list for PBXNativeTarget "BinaryCounter" */;
			buildPhases = (
				378F7EDA1FBA601C00F57B17 /* Sources */,
				378F7EDB1FBA601C00F57B17 /* Frameworks */,
				378F7EDC1FBA601C00F57B17 /* Resources */,
			);
			buildRules = (
			);
			dependencies = (
			);
			name = BinaryCounter;
			productName = BinaryCounter;
			productReference = 378F7EDE1FBA601C00F57B17 /* BinaryCounter.app */;
			productType = "com.apple.product-type.application";
		};
		378F7EF11FBA601C00F57B17 /* BinaryCounterUITests */ = {
			isa = PBXNativeTarget;
			buildConfigurationList = 378F7EFE1FBA601C00F57B17 /* Build configuration list for PBXNativeTarget "BinaryCounterUITests" */;
			buildPhases = (
				378F7EEE1FBA601C00F57B17 /* Sources */,
				378F7EEF1FBA601C00F57B17 /* Frameworks */,
				378F7EF01FBA601C00F57B17 /* Resources */,
			);
			buildRules = (
			);
			dependencies = (
				378F7EF41FBA601C00F57B17 /* PBXTargetDependency */,
			);
			name = BinaryCounterUITests;
			productName = BinaryCounterUITests;
			productReference = 378F7EF21FBA601C00F57B17 /* BinaryCounterUITests.xctest */;
			productType = "com.apple.product-type.bundle.ui-testing";
		};
/* End PBXNativeTarget section */

/* Begin PBXProject section */
		378F7ED61FBA601C00F57B17 /* Project object */ = {
			isa = PBXProject;
			attributes = {
				LastSwiftUpdateCheck = 0910;
				LastUpgradeCheck = 0910;
				ORGANIZATIONNAME = "Kevin Pham";
				TargetAttributes = {
					378F7EDD1FBA601C00F57B17 = {
						CreatedOnToolsVersion = 9.1;
						ProvisioningStyle = Automatic;
					};
					378F7EF11FBA601C00F57B17 = {
						CreatedOnToolsVersion = 9.1;
						ProvisioningStyle = Automatic;
						TestTargetID = 378F7EDD1FBA601C00F57B17;
					};
				};
			};
			buildConfigurationList = 378F7ED91FBA601C00F57B17 /* Build configuration list for PBXProject "BinaryCounter" */;
			compatibilityVersion = "Xcode 8.0";
			developmentRegion = en;
			hasScannedForEncodings = 0;
			knownRegions = (
				en,
				Base,
			);
			mainGroup = 378F7ED51FBA601C00F57B17;
			productRefGroup = 378F7EDF1FBA601C00F57B17 /* Products */;
			projectDirPath = "";
			projectRoot = "";
			targets = (
				378F7EDD1FBA601C00F57B17 /* BinaryCounter */,
				378F7EF11FBA601C00F57B17 /* BinaryCounterUITests */,
			);
		};
/* End PBXProject section */

/* Begin PBXResourcesBuildPhase section */
		378F7EDC1FBA601C00F57B17 /* Resources */ = {
			isa = PBXResourcesBuildPhase;
			buildActionMask = 2147483647;
			files = (
				378F7EEC1FBA601C00F57B17 /* LaunchScreen.storyboard in Resources */,
				378F7EE91FBA601C00F57B17 /* Assets.xcassets in Resources */,
				378F7EE71FBA601C00F57B17 /* Main.storyboard in Resources */,
			);
			runOnlyForDeploymentPostprocessing = 0;
		};
		378F7EF01FBA601C00F57B17 /* Resources */ = {
			isa = PBXResourcesBuildPhase;
			buildActionMask = 2147483647;
			files = (
			);
			runOnlyForDeploymentPostprocessing = 0;
		};
/* End PBXResourcesBuildPhase section */

/* Begin PBXSourcesBuildPhase section */
		378F7EDA1FBA601C00F57B17 /* Sources */ = {
			isa = PBXSourcesBuildPhase;
			buildActionMask = 2147483647;
			files = (
				378F7F021FBA622D00F57B17 /* BinaryTableViewController.swift in Sources */,
				378F7EE41FBA601C00F57B17 /* ViewController.swift in Sources */,
				378F7EE21FBA601C00F57B17 /* AppDelegate.swift in Sources */,
			);
			runOnlyForDeploymentPostprocessing = 0;
		};
		378F7EEE1FBA601C00F57B17 /* Sources */ = {
			isa = PBXSourcesBuildPhase;
			buildActionMask = 2147483647;
			files = (
				378F7EF71FBA601C00F57B17 /* BinaryCounterUITests.swift in Sources */,
			);
			runOnlyForDeploymentPostprocessing = 0;
		};
/* End PBXSourcesBuildPhase section */

/* Begin PBXTargetDependency section */
		378F7EF41FBA601C00F57B17 /* PBXTargetDependency */ = {
			isa = PBXTargetDependency;
			target = 378F7EDD1FBA601C00F57B17 /* BinaryCounter */;
			targetProxy = 378F7EF31FBA601C00F57B17 /* PBXContainerItemProxy */;
		};
/* End PBXTargetDependency section */

/* Begin PBXVariantGroup section */
		378F7EE51FBA601C00F57B17 /* Main.storyboard */ = {
			isa = PBXVariantGroup;
			children = (
				378F7EE61FBA601C00F57B17 /* Base */,
			);
			name = Main.storyboard;
			sourceTree = "<group>";
		};
		378F7EEA1FBA601C00F57B17 /* LaunchScreen.storyboard */ = {
			isa = PBXVariantGroup;
			children = (
				378F7EEB1FBA601C00F57B17 /* Base */,
			);
			name = LaunchScreen.storyboard;
			sourceTree = "<group>";
		};
/* End PBXVariantGroup section */

/* Begin XCBuildConfiguration section */
		378F7EF91FBA601C00F57B17 /* Debug */ = {
			isa = XCBuildConfiguration;
			buildSettings = {
				ALWAYS_SEARCH_USER_PATHS = NO;
				CLANG_ANALYZER_NONNULL = YES;
				CLANG_ANALYZER_NUMBER_OBJECT_CONVERSION = YES_AGGRESSIVE;
				CLANG_CXX_LANGUAGE_STANDARD = "gnu++14";
				CLANG_CXX_LIBRARY = "libc++";
				CLANG_ENABLE_MODULES = YES;
				CLANG_ENABLE_OBJC_ARC = YES;
				CLANG_WARN_BLOCK_CAPTURE_AUTORELEASING = YES;
				CLANG_WARN_BOOL_CONVERSION = YES;
				CLANG_WARN_COMMA = YES;
				CLANG_WARN_CONSTANT_CONVERSION = YES;
				CLANG_WARN_DIRECT_OBJC_ISA_USAGE = YES_ERROR;
				CLANG_WARN_DOCUMENTATION_COMMENTS = YES;
				CLANG_WARN_EMPTY_BODY = YES;
				CLANG_WARN_ENUM_CONVERSION = YES;
				CLANG_WARN_INFINITE_RECURSION = YES;
				CLANG_WARN_INT_CONVERSION = YES;
				CLANG_WARN_NON_LITERAL_NULL_CONVERSION = YES;
				CLANG_WARN_OBJC_LITERAL_CONVERSION = YES;
				CLANG_WARN_OBJC_ROOT_CLASS = YES_ERROR;
				CLANG_WARN_RANGE_LOOP_ANALYSIS = YES;
				CLANG_WARN_STRICT_PROTOTYPES = YES;
				CLANG_WARN_SUSPICIOUS_MOVE = YES;
				CLANG_WARN_UNGUARDED_AVAILABILITY = YES_AGGRESSIVE;
				CLANG_WARN_UNREACHABLE_CODE = YES;
				CLANG_WARN__DUPLICATE_METHOD_MATCH = YES;
				CODE_SIGN_IDENTITY = "iPhone Developer";
				COPY_PHASE_STRIP = NO;
				DEBUG_INFORMATION_FORMAT = dwarf;
				ENABLE_STRICT_OBJC_MSGSEND = YES;
				ENABLE_TESTABILITY = YES;
				GCC_C_LANGUAGE_STANDARD = gnu11;
				GCC_DYNAMIC_NO_PIC = NO;
				GCC_NO_COMMON_BLOCKS = YES;
				GCC_OPTIMIZATION_LEVEL = 0;
				GCC_PREPROCESSOR_DEFINITIONS = (
					"DEBUG=1",
					"$(inherited)",
				);
				GCC_WARN_64_TO_32_BIT_CONVERSION = YES;
				GCC_WARN_ABOUT_RETURN_TYPE = YES_ERROR;
				GCC_WARN_UNDECLARED_SELECTOR = YES;
				GCC_WARN_UNINITIALIZED_AUTOS = YES_AGGRESSIVE;
				GCC_WARN_UNUSED_FUNCTION = YES;
				GCC_WARN_UNUSED_VARIABLE = YES;
				IPHONEOS_DEPLOYMENT_TARGET = 11.1;
				MTL_ENABLE_DEBUG_INFO = YES;
				ONLY_ACTIVE_ARCH = YES;
				SDKROOT = iphoneos;
				SWIFT_ACTIVE_COMPILATION_CONDITIONS = DEBUG;
				SWIFT_OPTIMIZATION_LEVEL = "-Onone";
			};
			name = Debug;
		};
		378F7EFA1FBA601C00F57B17 /* Release */ = {
			isa = XCBuildConfiguration;
			buildSettings = {
				ALWAYS_SEARCH_USER_PATHS = NO;
				CLANG_ANALYZER_NONNULL = YES;
				CLANG_ANALYZER_NUMBER_OBJECT_CONVERSION = YES_AGGRESSIVE;
				CLANG_CXX_LANGUAGE_STANDARD = "gnu++14";
				CLANG_CXX_LIBRARY = "libc++";
				CLANG_ENABLE_MODULES = YES;
				CLANG_ENABLE_OBJC_ARC = YES;
				CLANG_WARN_BLOCK_CAPTURE_AUTORELEASING = YES;
				CLANG_WARN_BOOL_CONVERSION = YES;
				CLANG_WARN_COMMA = YES;
				CLANG_WARN_CONSTANT_CONVERSION = YES;
				CLANG_WARN_DIRECT_OBJC_ISA_USAGE = YES_ERROR;
				CLANG_WARN_DOCUMENTATION_COMMENTS = YES;
				CLANG_WARN_EMPTY_BODY = YES;
				CLANG_WARN_ENUM_CONVERSION = YES;
				CLANG_WARN_INFINITE_RECURSION = YES;
				CLANG_WARN_INT_CONVERSION = YES;
				CLANG_WARN_NON_LITERAL_NULL_CONVERSION = YES;
				CLANG_WARN_OBJC_LITERAL_CONVERSION = YES;
				CLANG_WARN_OBJC_ROOT_CLASS = YES_ERROR;
				CLANG_WARN_RANGE_LOOP_ANALYSIS = YES;
				CLANG_WARN_STRICT_PROTOTYPES = YES;
				CLANG_WARN_SUSPICIOUS_MOVE = YES;
				CLANG_WARN_UNGUARDED_AVAILABILITY = YES_AGGRESSIVE;
				CLANG_WARN_UNREACHABLE_CODE = YES;
				CLANG_WARN__DUPLICATE_METHOD_MATCH = YES;
				CODE_SIGN_IDENTITY = "iPhone Developer";
				COPY_PHASE_STRIP = NO;
				DEBUG_INFORMATION_FORMAT = "dwarf-with-dsym";
				ENABLE_NS_ASSERTIONS = NO;
				ENABLE_STRICT_OBJC_MSGSEND = YES;
				GCC_C_LANGUAGE_STANDARD = gnu11;
				GCC_NO_COMMON_BLOCKS = YES;
				GCC_WARN_64_TO_32_BIT_CONVERSION = YES;
				GCC_WARN_ABOUT_RETURN_TYPE = YES_ERROR;
				GCC_WARN_UNDECLARED_SELECTOR = YES;
				GCC_WARN_UNINITIALIZED_AUTOS = YES_AGGRESSIVE;
				GCC_WARN_UNUSED_FUNCTION = YES;
				GCC_WARN_UNUSED_VARIABLE = YES;
				IPHONEOS_DEPLOYMENT_TARGET = 11.1;
				MTL_ENABLE_DEBUG_INFO = NO;
				SDKROOT = iphoneos;
				SWIFT_OPTIMIZATION_LEVEL = "-Owholemodule";
				VALIDATE_PRODUCT = YES;
			};
			name = Release;
		};
		378F7EFC1FBA601C00F57B17 /* Debug */ = {
			isa = XCBuildConfiguration;
			buildSettings = {
				ASSETCATALOG_COMPILER_APPICON_NAME = AppIcon;
				CODE_SIGN_STYLE = Automatic;
				DEVELOPMENT_TEAM = YR3NU5G956;
				INFOPLIST_FILE = BinaryCounter/Info.plist;
				LD_RUNPATH_SEARCH_PATHS = "$(inherited) @executable_path/Frameworks";
				PRODUCT_BUNDLE_IDENTIFIER = iOS.BinaryCounter;
				PRODUCT_NAME = "$(TARGET_NAME)";
				SWIFT_VERSION = 4.0;
				TARGETED_DEVICE_FAMILY = "1,2";
			};
			name = Debug;
		};
		378F7EFD1FBA601C00F57B17 /* Release */ = {
			isa = XCBuildConfiguration;
			buildSettings = {
				ASSETCATALOG_COMPILER_APPICON_NAME = AppIcon;
				CODE_SIGN_STYLE = Automatic;
				DEVELOPMENT_TEAM = YR3NU5G956;
				INFOPLIST_FILE = BinaryCounter/Info.plist;
				LD_RUNPATH_SEARCH_PATHS = "$(inherited) @executable_path/Frameworks";
				PRODUCT_BUNDLE_IDENTIFIER = iOS.BinaryCounter;
				PRODUCT_NAME = "$(TARGET_NAME)";
				SWIFT_VERSION = 4.0;
				TARGETED_DEVICE_FAMILY = "1,2";
			};
			name = Release;
		};
		378F7EFF1FBA601C00F57B17 /* Debug */ = {
			isa = XCBuildConfiguration;
			buildSettings = {
				ALWAYS_EMBED_SWIFT_STANDARD_LIBRARIES = YES;
				CODE_SIGN_STYLE = Automatic;
				DEVELOPMENT_TEAM = YR3NU5G956;
				INFOPLIST_FILE = BinaryCounterUITests/Info.plist;
				LD_RUNPATH_SEARCH_PATHS = "$(inherited) @executable_path/Frameworks @loader_path/Frameworks";
				PRODUCT_BUNDLE_IDENTIFIER = iOS.BinaryCounterUITests;
				PRODUCT_NAME = "$(TARGET_NAME)";
				SWIFT_VERSION = 4.0;
				TARGETED_DEVICE_FAMILY = "1,2";
				TEST_TARGET_NAME = BinaryCounter;
			};
			name = Debug;
		};
		378F7F001FBA601C00F57B17 /* Release */ = {
			isa = XCBuildConfiguration;
			buildSettings = {
				ALWAYS_EMBED_SWIFT_STANDARD_LIBRARIES = YES;
				CODE_SIGN_STYLE = Automatic;
				DEVELOPMENT_TEAM = YR3NU5G956;
				INFOPLIST_FILE = BinaryCounterUITests/Info.plist;
				LD_RUNPATH_SEARCH_PATHS = "$(inherited) @executable_path/Frameworks @loader_path/Frameworks";
				PRODUCT_BUNDLE_IDENTIFIER = iOS.BinaryCounterUITests;
				PRODUCT_NAME = "$(TARGET_NAME)";
				SWIFT_VERSION = 4.0;
				TARGETED_DEVICE_FAMILY = "1,2";
				TEST_TARGET_NAME = BinaryCounter;
			};
			name = Release;
		};
/* End XCBuildConfiguration section */

/* Begin XCConfigurationList section */
		378F7ED91FBA601C00F57B17 /* Build configuration list for PBXProject "BinaryCounter" */ = {
			isa = XCConfigurationList;
			buildConfigurations = (
				378F7EF91FBA601C00F57B17 /* Debug */,
				378F7EFA1FBA601C00F57B17 /* Release */,
			);
			defaultConfigurationIsVisible = 0;
			defaultConfigurationName = Release;
		};
		378F7EFB1FBA601C00F57B17 /* Build configuration list for PBXNativeTarget "BinaryCounter" */ = {
			isa = XCConfigurationList;
			buildConfigurations = (
				378F7EFC1FBA601C00F57B17 /* Debug */,
				378F7EFD1FBA601C00F57B17 /* Release */,
			);
			defaultConfigurationIsVisible = 0;
			defaultConfigurationName = Release;
		};
		378F7EFE1FBA601C00F57B17 /* Build configuration list for PBXNativeTarget "BinaryCounterUITests" */ = {
			isa = XCConfigurationList;
			buildConfigurations = (
				378F7EFF1FBA601C00F57B17 /* Debug */,
				378F7F001FBA601C00F57B17 /* Release */,
			);
			defaultConfigurationIsVisible = 0;
			defaultConfigurationName = Release;
		};
/* End XCConfigurationList section */
	};
	rootObject = 378F7ED61FBA601C00F57B17 /* Project object */;
}
